
Microsoft Visual Studio Solution File, Format Version 12.00
# Visual Studio Version 17
VisualStudioVersion = 17.1.32421.90
MinimumVisualStudioVersion = 10.0.40219.1
Project("{FAE04EC0-301F-11D3-BF4B-00C04F79EFBC}") = "TheWitcher", "TheWitcher\TheWitcher.csproj", "{93D91907-0122-4C95-9273-291394928185}"
EndProject
Global
	GlobalSection(SolutionConfigurationPlatforms) = preSolution
		Debug|Any CPU = Debug|Any CPU
		Release|Any CPU = Release|Any CPU
	EndGlobalSection
	GlobalSection(ProjectConfigurationPlatforms) = postSolution
		{93D91907-0122-4C95-9273-291394928185}.Debug|Any CPU.ActiveCfg = Debug|Any CPU
		{93D91907-0122-4C95-9273-291394928185}.Debug|Any CPU.Build.0 = Debug|Any CPU
		{93D91907-0122-4C95-9273-291394928185}.Release|Any CPU.ActiveCfg = Release|Any CPU
		{93D91907-0122-4C95-9273-291394928185}.Release|Any CPU.Build.0 = Release|Any CPU
	EndGlobalSection
	GlobalSection(SolutionProperties) = preSolution
		HideSolutionNode = FALSE
	EndGlobalSection
	GlobalSection(ExtensibilityGlobals) = postSolution
		SolutionGuid = {67B65614-2896-4D10-BD8C-D02A34E08405}
	EndGlobalSection
EndGlobal
